
Microsoft Visual Studio Solution File, Format Version 12.00
# Visual Studio Version 17
VisualStudioVersion = 17.0.31903.59
MinimumVisualStudioVersion = 10.0.40219.1
Project("{2150E333-8FDC-42A3-9474-1A3956D46DE8}") = "src", "src", "{9FC062A8-F5BD-4D36-99FC-823671E9B9A4}"
EndProject
Project("{FAE04EC0-301F-11D3-BF4B-00C04F79EFBC}") = "ReelPress.Core", "src\ReelPress.Core\ReelPress.Core.csproj", "{2CFB5208-D7EA-482C-B4FB-51A14BAEC3A4}"
EndProject
Project("{FAE04EC0-301F-11D3-BF4B-00C04F79EFBC}") = "ReelPress.Cli", "src\ReelPress.Cli\ReelPress.Cli.csproj", "{A960A639-118E-44B4-A7CB-BE4BEAF85AD1}"
EndProject
Project("{FAE04EC0-301F-11D3-BF4B-00C04F79EFBC}") = "ReelPress.Desktop", "src\ReelPress.Desktop\ReelPress.Desktop.csproj", "{0B82CF75-F6FC-4DBA-B09A-CA7DB9B32E86}"
EndProject
Project("{2150E333-8FDC-42A3-9474-1A3956D46DE8}") = "tests", "tests", "{581816A5-3259-44B9-A4D9-FB4A2681F41E}"
EndProject
Project("{FAE04EC0-301F-11D3-BF4B-00C04F79EFBC}") = "ReelPress.Core.Tests", "tests\ReelPress.Core.Tests\ReelPress.Core.Tests.csproj", "{361B9CF1-B440-4CFC-BE82-6DFB4EB2D72C}"
EndProject
Project("{FAE04EC0-301F-11D3-BF4B-00C04F79EFBC}") = "ReelPress.Cli.Tests", "tests\ReelPress.Cli.Tests\ReelPress.Cli.Tests.csproj", "{2127BA59-B803-44AE-A211-5F3C51D7008D}"
EndProject
Project("{FAE04EC0-301F-11D3-BF4B-00C04F79EFBC}") = "ReelPress.Desktop.Tests", "tests\ReelPress.Desktop.Tests\ReelPress.Desktop.Tests.csproj", "{5BB8B585-4F16-4C5A-A65A-B2A09D370F14}"
EndProject
Global
	GlobalSection(SolutionConfigurationPlatforms) = preSolution
		Debug|Any CPU = Debug|Any CPU
		Release|Any CPU = Release|Any CPU
	EndGlobalSection
	GlobalSection(SolutionProperties) = preSolution
		HideSolutionNode = FALSE
	EndGlobalSection
	GlobalSection(ProjectConfigurationPlatforms) = postSolution
		{2CFB5208-D7EA-482C-B4FB-51A14BAEC3A4}.Debug|Any CPU.ActiveCfg = Debug|Any CPU
		{2CFB5208-D7EA-482C-B4FB-51A14BAEC3A4}.Debug|Any CPU.Build.0 = Debug|Any CPU
		{2CFB5208-D7EA-482C-B4FB-51A14BAEC3A4}.Release|Any CPU.ActiveCfg = Release|Any CPU
		{2CFB5208-D7EA-482C-B4FB-51A14BAEC3A4}.Release|Any CPU.Build.0 = Release|Any CPU
		{A960A639-118E-44B4-A7CB-BE4BEAF85AD1}.Debug|Any CPU.ActiveCfg = Debug|Any CPU
		{A960A639-118E-44B4-A7CB-BE4BEAF85AD1}.Debug|Any CPU.Build.0 = Debug|Any CPU
		{A960A639-118E-44B4-A7CB-BE4BEAF85AD1}.Release|Any CPU.ActiveCfg = Release|Any CPU
		{A960A639-118E-44B4-A7CB-BE4BEAF85AD1}.Release|Any CPU.Build.0 = Release|Any CPU
		{0B82CF75-F6FC-4DBA-B09A-CA7DB9B32E86}.Debug|Any CPU.ActiveCfg = Debug|Any CPU
		{0B82CF75-F6FC-4DBA-B09A-CA7DB9B32E86}.Debug|Any CPU.Build.0 = Debug|Any CPU
		{0B82CF75-F6FC-4DBA-B09A-CA7DB9B32E86}.Release|Any CPU.ActiveCfg = Release|Any CPU
		{0B82CF75-F6FC-4DBA-B09A-CA7DB9B32E86}.Release|Any CPU.Build.0 = Release|Any CPU
		{361B9CF1-B440-4CFC-BE82-6DFB4EB2D72C}.Debug|Any CPU.ActiveCfg = Debug|Any CPU
		{361B9CF1-B440-4CFC-BE82-6DFB4EB2D72C}.Debug|Any CPU.Build.0 = Debug|Any CPU
		{361B9CF1-B440-4CFC-BE82-6DFB4EB2D72C}.Release|Any CPU.ActiveCfg = Release|Any CPU
		{361B9CF1-B440-4CFC-BE82-6DFB4EB2D72C}.Release|Any CPU.Build.0 = Release|Any CPU
		{2127BA59-B803-44AE-A211-5F3C51D7008D}.Debug|Any CPU.ActiveCfg = Debug|Any CPU
		{2127BA59-B803-44AE-A211-5F3C51D7008D}.Debug|Any CPU.Build.0 = Debug|Any CPU
		{2127BA59-B803-44AE-A211-5F3C51D7008D}.Release|Any CPU.ActiveCfg = Release|Any CPU
		{2127BA59-B803-44AE-A211-5F3C51D7008D}.Release|Any CPU.Build.0 = Release|Any CPU
		{5BB8B585-4F16-4C5A-A65A-B2A09D370F14}.Debug|Any CPU.ActiveCfg = Debug|Any CPU
		{5BB8B585-4F16-4C5A-A65A-B2A09D370F14}.Debug|Any CPU.Build.0 = Debug|Any CPU
		{5BB8B585-4F16-4C5A-A65A-B2A09D370F14}.Release|Any CPU.ActiveCfg = Release|Any CPU
		{5BB8B585-4F16-4C5A-A65A-B2A09D370F14}.Release|Any CPU.Build.0 = Release|Any CPU
	EndGlobalSection
	GlobalSection(NestedProjects) = preSolution
		{2CFB5208-D7EA-482C-B4FB-51A14BAEC3A4} = {9FC062A8-F5BD-4D36-99FC-823671E9B9A4}
		{A960A639-118E-44B4-A7CB-BE4BEAF85AD1} = {9FC062A8-F5BD-4D36-99FC-823671E9B9A4}
		{0B82CF75-F6FC-4DBA-B09A-CA7DB9B32E86} = {9FC062A8-F5BD-4D36-99FC-823671E9B9A4}
		{361B9CF1-B440-4CFC-BE82-6DFB4EB2D72C} = {581816A5-3259-44B9-A4D9-FB4A2681F41E}
		{2127BA59-B803-44AE-A211-5F3C51D7008D} = {581816A5-3259-44B9-A4D9-FB4A2681F41E}
		{5BB8B585-4F16-4C5A-A65A-B2A09D370F14} = {581816A5-3259-44B9-A4D9-FB4A2681F41E}
	EndGlobalSection
EndGlobal
